
Microsoft Visual Studio Solution File, Format Version 12.00
# Visual Studio Version 16
VisualStudioVersion = 16.0.30204.135
MinimumVisualStudioVersion = 10.0.40219.1
Project("{FAE04EC0-301F-11D3-BF4B-00C04F79EFBC}") = "QrssUploader", "QrssUploader\QrssUploader.csproj", "{B6F0EB62-E3A4-4108-ACCA-7BDAD163FDA1}"
EndProject
Global
	GlobalSection(SolutionConfigurationPlatforms) = preSolution
		Debug|Any CPU = Debug|Any CPU
		Release|Any CPU = Release|Any CPU
	EndGlobalSection
	GlobalSection(ProjectConfigurationPlatforms) = postSolution
		{B6F0EB62-E3A4-4108-ACCA-7BDAD163FDA1}.Debug|Any CPU.ActiveCfg = Debug|Any CPU
		{B6F0EB62-E3A4-4108-ACCA-7BDAD163FDA1}.Debug|Any CPU.Build.0 = Debug|Any CPU
		{B6F0EB62-E3A4-4108-ACCA-7BDAD163FDA1}.Release|Any CPU.ActiveCfg = Release|Any CPU
		{B6F0EB62-E3A4-4108-ACCA-7BDAD163FDA1}.Release|Any CPU.Build.0 = Release|Any CPU
	EndGlobalSection
	GlobalSection(SolutionProperties) = preSolution
		HideSolutionNode = FALSE
	EndGlobalSection
	GlobalSection(ExtensibilityGlobals) = postSolution
		SolutionGuid = {95C0BFF0-AEAC-4807-A716-B8CB7248F27A}
	EndGlobalSection
EndGlobal
